
Microsoft Visual Studio Solution File, Format Version 12.00
# Visual Studio Version 17
VisualStudioVersion = 17.14.37628.2 d17.14
MinimumVisualStudioVersion = 10.0.40219.1
Project("{FAE04EC0-301F-11D3-BF4B-00C04F79EFBC}") = "Textile.Api", "Textile.Api\Textile.Api.csproj", "{F700F35B-90BF-447B-9813-85D85E739BAF}"
EndProject
Global
	GlobalSection(SolutionConfigurationPlatforms) = preSolution
		Debug|Any CPU = Debug|Any CPU
		Release|Any CPU = Release|Any CPU
	EndGlobalSection
	GlobalSection(ProjectConfigurationPlatforms) = postSolution
		{F700F35B-90BF-447B-9813-85D85E739BAF}.Debug|Any CPU.ActiveCfg = Debug|Any CPU
		{F700F35B-90BF-447B-9813-85D85E739BAF}.Debug|Any CPU.Build.0 = Debug|Any CPU
		{F700F35B-90BF-447B-9813-85D85E739BAF}.Release|Any CPU.ActiveCfg = Release|Any CPU
		{F700F35B-90BF-447B-9813-85D85E739BAF}.Release|Any CPU.Build.0 = Release|Any CPU
	EndGlobalSection
	GlobalSection(SolutionProperties) = preSolution
		HideSolutionNode = FALSE
	EndGlobalSection
	GlobalSection(ExtensibilityGlobals) = postSolution
		SolutionGuid = {03432FAB-E1E6-40F0-9C4D-921ED978BF27}
	EndGlobalSection
EndGlobal
